
Microsoft Visual Studio Solution File, Format Version 12.00
# Visual Studio 15
VisualStudioVersion = 15.0.28307.852
MinimumVisualStudioVersion = 10.0.40219.1
Project("{FAE04EC0-301F-11D3-BF4B-00C04F79EFBC}") = "TierTable", "TierTable\TierTable.csproj", "{316BFB5A-2238-4CA6-9C63-55B9B06A33A0}"
EndProject
Global
	GlobalSection(SolutionConfigurationPlatforms) = preSolution
		Debug|Any CPU = Debug|Any CPU
		Release|Any CPU = Release|Any CPU
	EndGlobalSection
	GlobalSection(ProjectConfigurationPlatforms) = postSolution
		{316BFB5A-2238-4CA6-9C63-55B9B06A33A0}.Debug|Any CPU.ActiveCfg = Debug|Any CPU
		{316BFB5A-2238-4CA6-9C63-55B9B06A33A0}.Debug|Any CPU.Build.0 = Debug|Any CPU
		{316BFB5A-2238-4CA6-9C63-55B9B06A33A0}.Release|Any CPU.ActiveCfg = Release|Any CPU
		{316BFB5A-2238-4CA6-9C63-55B9B06A33A0}.Release|Any CPU.Build.0 = Release|Any CPU
	EndGlobalSection
	GlobalSection(SolutionProperties) = preSolution
		HideSolutionNode = FALSE
	EndGlobalSection
	GlobalSection(ExtensibilityGlobals) = postSolution
		SolutionGuid = {7261F309-8367-4570-9E07-AC23618D8CDB}
	EndGlobalSection
EndGlobal
